
Microsoft Visual Studio Solution File, Format Version 12.00
# Visual Studio Version 17
VisualStudioVersion = 17.7.34031.279
MinimumVisualStudioVersion = 10.0.40219.1
Project("{FAE04EC0-301F-11D3-BF4B-00C04F79EFBC}") = "ConsoleApp9", "ConsoleApp9\ConsoleApp9.csproj", "{45FA2229-A030-4FA8-AF58-45B02624B278}"
EndProject
Project("{FAE04EC0-301F-11D3-BF4B-00C04F79EFBC}") = "TestProject2", "TestProject2\TestProject2.csproj", "{4CA12805-68EE-4897-BF53-131CB29F33FD}"
EndProject
Global
	GlobalSection(SolutionConfigurationPlatforms) = preSolution
		Debug|Any CPU = Debug|Any CPU
		Release|Any CPU = Release|Any CPU
	EndGlobalSection
	GlobalSection(ProjectConfigurationPlatforms) = postSolution
		{45FA2229-A030-4FA8-AF58-45B02624B278}.Debug|Any CPU.ActiveCfg = Debug|Any CPU
		{45FA2229-A030-4FA8-AF58-45B02624B278}.Debug|Any CPU.Build.0 = Debug|Any CPU
		{45FA2229-A030-4FA8-AF58-45B02624B278}.Release|Any CPU.ActiveCfg = Release|Any CPU
		{45FA2229-A030-4FA8-AF58-45B02624B278}.Release|Any CPU.Build.0 = Release|Any CPU
		{4CA12805-68EE-4897-BF53-131CB29F33FD}.Debug|Any CPU.ActiveCfg = Debug|Any CPU
		{4CA12805-68EE-4897-BF53-131CB29F33FD}.Debug|Any CPU.Build.0 = Debug|Any CPU
		{4CA12805-68EE-4897-BF53-131CB29F33FD}.Release|Any CPU.ActiveCfg = Release|Any CPU
		{4CA12805-68EE-4897-BF53-131CB29F33FD}.Release|Any CPU.Build.0 = Release|Any CPU
	EndGlobalSection
	GlobalSection(SolutionProperties) = preSolution
		HideSolutionNode = FALSE
	EndGlobalSection
	GlobalSection(ExtensibilityGlobals) = postSolution
		SolutionGuid = {37CABACF-87C1-4443-BA4B-8691F8FC4E6F}
	EndGlobalSection
EndGlobal
